
Microsoft Visual Studio Solution File, Format Version 12.00
Project("{FAE04EC0-301F-11D3-BF4B-00C04F79EFBC}") = "LabCanine.Api", "LabCanine.Api\LabCanine.Api.csproj", "{EC2B93A7-FD58-4189-9D83-DD27C2C55E87}"
EndProject
Global
	GlobalSection(SolutionConfigurationPlatforms) = preSolution
		Debug|Any CPU = Debug|Any CPU
		Release|Any CPU = Release|Any CPU
	EndGlobalSection
	GlobalSection(ProjectConfigurationPlatforms) = postSolution
		{EC2B93A7-FD58-4189-9D83-DD27C2C55E87}.Debug|Any CPU.ActiveCfg = Debug|Any CPU
		{EC2B93A7-FD58-4189-9D83-DD27C2C55E87}.Debug|Any CPU.Build.0 = Debug|Any CPU
		{EC2B93A7-FD58-4189-9D83-DD27C2C55E87}.Release|Any CPU.ActiveCfg = Release|Any CPU
		{EC2B93A7-FD58-4189-9D83-DD27C2C55E87}.Release|Any CPU.Build.0 = Release|Any CPU
	EndGlobalSection
EndGlobal
